
Microsoft Visual Studio Solution File, Format Version 12.00
# Visual Studio Version 16
VisualStudioVersion = 16.0.31624.102
MinimumVisualStudioVersion = 10.0.40219.1
Project("{FAE04EC0-301F-11D3-BF4B-00C04F79EFBC}") = "InvoiceCopy", "InvoiceCopy\InvoiceCopy.csproj", "{0F96D37E-F3B9-4C2D-877B-C850E73D50A4}"
EndProject
Global
	GlobalSection(SolutionConfigurationPlatforms) = preSolution
		Debug|Any CPU = Debug|Any CPU
		Release|Any CPU = Release|Any CPU
	EndGlobalSection
	GlobalSection(ProjectConfigurationPlatforms) = postSolution
		{0F96D37E-F3B9-4C2D-877B-C850E73D50A4}.Debug|Any CPU.ActiveCfg = Debug|Any CPU
		{0F96D37E-F3B9-4C2D-877B-C850E73D50A4}.Debug|Any CPU.Build.0 = Debug|Any CPU
		{0F96D37E-F3B9-4C2D-877B-C850E73D50A4}.Release|Any CPU.ActiveCfg = Release|Any CPU
		{0F96D37E-F3B9-4C2D-877B-C850E73D50A4}.Release|Any CPU.Build.0 = Release|Any CPU
	EndGlobalSection
	GlobalSection(SolutionProperties) = preSolution
		HideSolutionNode = FALSE
	EndGlobalSection
	GlobalSection(ExtensibilityGlobals) = postSolution
		SolutionGuid = {F6B58BC0-CA04-4C81-963B-A68BD158E201}
	EndGlobalSection
EndGlobal
